
Microsoft Visual Studio Solution File, Format Version 12.00
# Visual Studio 15
VisualStudioVersion = 15.0.27703.2047
MinimumVisualStudioVersion = 10.0.40219.1
Project("{FAE04EC0-301F-11D3-BF4B-00C04F79EFBC}") = "CG 4-3 Raffle", "CG 4-3 Raffle\CG 4-3 Raffle.csproj", "{DD36233E-08CC-4983-A253-9B7FB3C31286}"
EndProject
Global
	GlobalSection(SolutionConfigurationPlatforms) = preSolution
		Debug|Any CPU = Debug|Any CPU
		Release|Any CPU = Release|Any CPU
	EndGlobalSection
	GlobalSection(ProjectConfigurationPlatforms) = postSolution
		{DD36233E-08CC-4983-A253-9B7FB3C31286}.Debug|Any CPU.ActiveCfg = Debug|Any CPU
		{DD36233E-08CC-4983-A253-9B7FB3C31286}.Debug|Any CPU.Build.0 = Debug|Any CPU
		{DD36233E-08CC-4983-A253-9B7FB3C31286}.Release|Any CPU.ActiveCfg = Release|Any CPU
		{DD36233E-08CC-4983-A253-9B7FB3C31286}.Release|Any CPU.Build.0 = Release|Any CPU
	EndGlobalSection
	GlobalSection(SolutionProperties) = preSolution
		HideSolutionNode = FALSE
	EndGlobalSection
	GlobalSection(ExtensibilityGlobals) = postSolution
		SolutionGuid = {257B7AFB-2E87-4EB7-8D2C-A36FE0E7AA0A}
	EndGlobalSection
EndGlobal
